
Microsoft Visual Studio Solution File, Format Version 12.00
# Visual Studio 15
VisualStudioVersion = 15.0.26730.16
MinimumVisualStudioVersion = 10.0.40219.1
Project("{FAE04EC0-301F-11D3-BF4B-00C04F79EFBC}") = "ConsoleApp1", "ConsoleApp1\ConsoleApp1.csproj", "{69749E3A-D4D9-4618-8C7E-E5D24F7DC599}"
EndProject
Global
	GlobalSection(SolutionConfigurationPlatforms) = preSolution
		Debug|Any CPU = Debug|Any CPU
		Release|Any CPU = Release|Any CPU
	EndGlobalSection
	GlobalSection(ProjectConfigurationPlatforms) = postSolution
		{69749E3A-D4D9-4618-8C7E-E5D24F7DC599}.Debug|Any CPU.ActiveCfg = Debug|Any CPU
		{69749E3A-D4D9-4618-8C7E-E5D24F7DC599}.Debug|Any CPU.Build.0 = Debug|Any CPU
		{69749E3A-D4D9-4618-8C7E-E5D24F7DC599}.Release|Any CPU.ActiveCfg = Release|Any CPU
		{69749E3A-D4D9-4618-8C7E-E5D24F7DC599}.Release|Any CPU.Build.0 = Release|Any CPU
	EndGlobalSection
	GlobalSection(SolutionProperties) = preSolution
		HideSolutionNode = FALSE
	EndGlobalSection
	GlobalSection(ExtensibilityGlobals) = postSolution
		SolutionGuid = {AD25F786-F611-425F-87C8-D6FB3B94184E}
	EndGlobalSection
EndGlobal
